
Microsoft Visual Studio Solution File, Format Version 12.00
# Visual Studio Version 16
VisualStudioVersion = 16.0.29009.5
MinimumVisualStudioVersion = 10.0.40219.1
Project("{FAE04EC0-301F-11D3-BF4B-00C04F79EFBC}") = "StaticXmlTest", "StaticXmlTest\StaticXmlTest.csproj", "{CC8DC44E-443A-4EC3-BD95-B72153CA397E}"
EndProject
Project("{FAE04EC0-301F-11D3-BF4B-00C04F79EFBC}") = "Settings", "Settings\Settings.csproj", "{4F5A18E6-F1D6-42AB-A1FB-E9AAF885437B}"
EndProject
Global
	GlobalSection(SolutionConfigurationPlatforms) = preSolution
		Debug|Any CPU = Debug|Any CPU
		Release|Any CPU = Release|Any CPU
	EndGlobalSection
	GlobalSection(ProjectConfigurationPlatforms) = postSolution
		{CC8DC44E-443A-4EC3-BD95-B72153CA397E}.Debug|Any CPU.ActiveCfg = Debug|Any CPU
		{CC8DC44E-443A-4EC3-BD95-B72153CA397E}.Debug|Any CPU.Build.0 = Debug|Any CPU
		{CC8DC44E-443A-4EC3-BD95-B72153CA397E}.Release|Any CPU.ActiveCfg = Release|Any CPU
		{CC8DC44E-443A-4EC3-BD95-B72153CA397E}.Release|Any CPU.Build.0 = Release|Any CPU
		{4F5A18E6-F1D6-42AB-A1FB-E9AAF885437B}.Debug|Any CPU.ActiveCfg = Debug|Any CPU
		{4F5A18E6-F1D6-42AB-A1FB-E9AAF885437B}.Debug|Any CPU.Build.0 = Debug|Any CPU
		{4F5A18E6-F1D6-42AB-A1FB-E9AAF885437B}.Release|Any CPU.ActiveCfg = Release|Any CPU
		{4F5A18E6-F1D6-42AB-A1FB-E9AAF885437B}.Release|Any CPU.Build.0 = Release|Any CPU
	EndGlobalSection
	GlobalSection(SolutionProperties) = preSolution
		HideSolutionNode = FALSE
	EndGlobalSection
	GlobalSection(ExtensibilityGlobals) = postSolution
		SolutionGuid = {24B85F69-0C66-47D0-A9AB-F58033E66801}
	EndGlobalSection
EndGlobal
