
Microsoft Visual Studio Solution File, Format Version 12.00
# Visual Studio Version 16
VisualStudioVersion = 16.0.29009.5
MinimumVisualStudioVersion = 10.0.40219.1
Project("{FAE04EC0-301F-11D3-BF4B-00C04F79EFBC}") = "OpenCvSample", "OpenCvSample\OpenCvSample.csproj", "{CEA37FAB-115A-4F98-9884-AAA790174723}"
EndProject
Global
	GlobalSection(SolutionConfigurationPlatforms) = preSolution
		Debug|Any CPU = Debug|Any CPU
		Release|Any CPU = Release|Any CPU
	EndGlobalSection
	GlobalSection(ProjectConfigurationPlatforms) = postSolution
		{CEA37FAB-115A-4F98-9884-AAA790174723}.Debug|Any CPU.ActiveCfg = Debug|Any CPU
		{CEA37FAB-115A-4F98-9884-AAA790174723}.Debug|Any CPU.Build.0 = Debug|Any CPU
		{CEA37FAB-115A-4F98-9884-AAA790174723}.Release|Any CPU.ActiveCfg = Release|Any CPU
		{CEA37FAB-115A-4F98-9884-AAA790174723}.Release|Any CPU.Build.0 = Release|Any CPU
	EndGlobalSection
	GlobalSection(SolutionProperties) = preSolution
		HideSolutionNode = FALSE
	EndGlobalSection
	GlobalSection(ExtensibilityGlobals) = postSolution
		SolutionGuid = {DD3C6FF6-66E8-4D61-95FA-2AD585FE2083}
	EndGlobalSection
EndGlobal
