
Microsoft Visual Studio Solution File, Format Version 12.00
# Visual Studio 15
VisualStudioVersion = 15.0.28010.2048
MinimumVisualStudioVersion = 10.0.40219.1
Project("{FAE04EC0-301F-11D3-BF4B-00C04F79EFBC}") = "TelNet", "TelNet\TelNet.csproj", "{9CC0BCDF-01D8-4B05-ABD2-D38A5116965E}"
EndProject
Global
	GlobalSection(SolutionConfigurationPlatforms) = preSolution
		Debug|Any CPU = Debug|Any CPU
		Release|Any CPU = Release|Any CPU
	EndGlobalSection
	GlobalSection(ProjectConfigurationPlatforms) = postSolution
		{9CC0BCDF-01D8-4B05-ABD2-D38A5116965E}.Debug|Any CPU.ActiveCfg = Debug|Any CPU
		{9CC0BCDF-01D8-4B05-ABD2-D38A5116965E}.Debug|Any CPU.Build.0 = Debug|Any CPU
		{9CC0BCDF-01D8-4B05-ABD2-D38A5116965E}.Release|Any CPU.ActiveCfg = Release|Any CPU
		{9CC0BCDF-01D8-4B05-ABD2-D38A5116965E}.Release|Any CPU.Build.0 = Release|Any CPU
	EndGlobalSection
	GlobalSection(SolutionProperties) = preSolution
		HideSolutionNode = FALSE
	EndGlobalSection
	GlobalSection(ExtensibilityGlobals) = postSolution
		SolutionGuid = {831CCA51-6897-462B-BE67-316451BA0407}
	EndGlobalSection
EndGlobal
