
Microsoft Visual Studio Solution File, Format Version 12.00
# Visual Studio 15
VisualStudioVersion = 15.0.28010.2048
MinimumVisualStudioVersion = 10.0.40219.1
Project("{FAE04EC0-301F-11D3-BF4B-00C04F79EFBC}") = "SoundSample", "SoundSample\SoundSample.csproj", "{72A023B6-1E44-4CC1-9F24-7C865CE70387}"
EndProject
Global
	GlobalSection(SolutionConfigurationPlatforms) = preSolution
		Debug|Any CPU = Debug|Any CPU
		Release|Any CPU = Release|Any CPU
	EndGlobalSection
	GlobalSection(ProjectConfigurationPlatforms) = postSolution
		{72A023B6-1E44-4CC1-9F24-7C865CE70387}.Debug|Any CPU.ActiveCfg = Debug|Any CPU
		{72A023B6-1E44-4CC1-9F24-7C865CE70387}.Debug|Any CPU.Build.0 = Debug|Any CPU
		{72A023B6-1E44-4CC1-9F24-7C865CE70387}.Release|Any CPU.ActiveCfg = Release|Any CPU
		{72A023B6-1E44-4CC1-9F24-7C865CE70387}.Release|Any CPU.Build.0 = Release|Any CPU
	EndGlobalSection
	GlobalSection(SolutionProperties) = preSolution
		HideSolutionNode = FALSE
	EndGlobalSection
	GlobalSection(ExtensibilityGlobals) = postSolution
		SolutionGuid = {065B83DB-8FF5-429D-9D04-96F0D924A7CF}
	EndGlobalSection
EndGlobal
